# generated by rye
# use `rye lock` or `rye sync` to update this lockfile
#
# last locked with the following flags:
#   pre: false
#   features: []
#   all-features: false
#   with-sources: false
#   generate-hashes: false
#   universal: false

-e file:.
absl-py==2.1.0
    # via ortools
docplex==2.28.240
    # via ev-station-solver
immutabledict==4.2.0
    # via ortools
joblib==1.4.2
    # via k-means-constrained
    # via scikit-learn
k-means-constrained==0.7.3
    # via ev-station-solver
numpy==2.2.0
    # via ev-station-solver
    # via k-means-constrained
    # via ortools
    # via pandas
    # via scikit-learn
    # via scipy
ortools==9.10.4067
    # via k-means-constrained
pandas==2.2.3
    # via ev-station-solver
    # via ortools
protobuf==5.27.2
    # via ortools
python-dateutil==2.9.0.post0
    # via pandas
pytz==2024.1
    # via pandas
ruff==0.5.5
scikit-learn==1.6.0
    # via ev-station-solver
scipy==1.14.1
    # via ev-station-solver
    # via k-means-constrained
    # via scikit-learn
six==1.16.0
    # via docplex
    # via k-means-constrained
    # via python-dateutil
threadpoolctl==3.5.0
    # via scikit-learn
tomli==2.2.1
    # via vulture
tqdm==4.67.1
    # via ev-station-solver
tzdata==2024.1
    # via pandas
vulture==2.11
